
Microsoft Visual Studio Solution File, Format Version 12.00
# Visual Studio Version 17
VisualStudioVersion = 17.14.36811.4 d17.14
MinimumVisualStudioVersion = 10.0.40219.1
Project("{FAE04EC0-301F-11D3-BF4B-00C04F79EFBC}") = "AutoshkollaAPI", "AutoshkollaAPI.csproj", "{2A7FC577-D9D8-46FF-953C-28F991D24DC9}"
EndProject
Global
	GlobalSection(SolutionConfigurationPlatforms) = preSolution
		Debug|Any CPU = Debug|Any CPU
		Release|Any CPU = Release|Any CPU
	EndGlobalSection
	GlobalSection(ProjectConfigurationPlatforms) = postSolution
		{2A7FC577-D9D8-46FF-953C-28F991D24DC9}.Debug|Any CPU.ActiveCfg = Debug|Any CPU
		{2A7FC577-D9D8-46FF-953C-28F991D24DC9}.Debug|Any CPU.Build.0 = Debug|Any CPU
		{2A7FC577-D9D8-46FF-953C-28F991D24DC9}.Release|Any CPU.ActiveCfg = Release|Any CPU
		{2A7FC577-D9D8-46FF-953C-28F991D24DC9}.Release|Any CPU.Build.0 = Release|Any CPU
	EndGlobalSection
	GlobalSection(SolutionProperties) = preSolution
		HideSolutionNode = FALSE
	EndGlobalSection
	GlobalSection(ExtensibilityGlobals) = postSolution
		SolutionGuid = {1DFBB0CD-196E-4967-851E-C6EEC0002D1E}
	EndGlobalSection
EndGlobal
